
Microsoft Visual Studio Solution File, Format Version 12.00
# Visual Studio 2013
VisualStudioVersion = 12.0.20623.1 VSUPREVIEW
MinimumVisualStudioVersion = 10.0.40219.1
Project("{FAE04EC0-301F-11D3-BF4B-00C04F79EFBC}") = "MSBNuget", "MSBNuget\MSBNuget.csproj", "{EC40ACB0-A6B9-4776-9078-B1D72D244787}"
EndProject
Project("{FAE04EC0-301F-11D3-BF4B-00C04F79EFBC}") = "MSBNuget.Nuget", "MSBNuget.Nuget\MSBNuget.Nuget.csproj", "{4455C566-5F12-40C5-8AA7-A86651E7738D}"
EndProject
Project("{2150E333-8FDC-42A3-9474-1A3956D46DE8}") = "Tests", "Tests", "{55846E57-1E14-48E2-9789-26FB3176F5CE}"
EndProject
Project("{FAE04EC0-301F-11D3-BF4B-00C04F79EFBC}") = "MSBNuget.Test", "Tests\MSBNuget.Test\MSBNuget.Test.csproj", "{A50915EA-E1EF-4A15-9046-08976A383F75}"
EndProject
Project("{2150E333-8FDC-42A3-9474-1A3956D46DE8}") = "media", "media", "{C7C1F1E8-1F52-4B1E-A839-3F79DC5EF5A1}"
	ProjectSection(SolutionItems) = preProject
		..\media\MSBNuget.ico = ..\media\MSBNuget.ico
		..\media\MSBNuget.pdn = ..\media\MSBNuget.pdn
		..\media\MSBuild.ico = ..\media\MSBuild.ico
	EndProjectSection
EndProject
Project("{2150E333-8FDC-42A3-9474-1A3956D46DE8}") = "Solution Items", "Solution Items", "{E749BEBB-3596-4972-ABE5-1F4008164560}"
	ProjectSection(SolutionItems) = preProject
		..\.gitattributes = ..\.gitattributes
		..\.gitignore = ..\.gitignore
		..\changelog.txt = ..\changelog.txt
		..\LICENSE = ..\LICENSE
		MSBNuget.sln.DotSettings = MSBNuget.sln.DotSettings
		publish.nuget_org.bat = publish.nuget_org.bat
		..\README.md = ..\README.md
	EndProjectSection
EndProject
Project("{2150E333-8FDC-42A3-9474-1A3956D46DE8}") = ".nuget", ".nuget", "{4427F93F-683E-4685-A454-B9CE3F84C287}"
	ProjectSection(SolutionItems) = preProject
		.nuget\packages.config = .nuget\packages.config
	EndProjectSection
EndProject
Global
	GlobalSection(SolutionConfigurationPlatforms) = preSolution
		Debug|Any CPU = Debug|Any CPU
	EndGlobalSection
	GlobalSection(ProjectConfigurationPlatforms) = postSolution
		{EC40ACB0-A6B9-4776-9078-B1D72D244787}.Debug|Any CPU.ActiveCfg = Debug|Any CPU
		{EC40ACB0-A6B9-4776-9078-B1D72D244787}.Debug|Any CPU.Build.0 = Debug|Any CPU
		{4455C566-5F12-40C5-8AA7-A86651E7738D}.Debug|Any CPU.ActiveCfg = Debug|Any CPU
		{4455C566-5F12-40C5-8AA7-A86651E7738D}.Debug|Any CPU.Build.0 = Debug|Any CPU
		{A50915EA-E1EF-4A15-9046-08976A383F75}.Debug|Any CPU.ActiveCfg = Debug|Any CPU
		{A50915EA-E1EF-4A15-9046-08976A383F75}.Debug|Any CPU.Build.0 = Debug|Any CPU
	EndGlobalSection
	GlobalSection(SolutionProperties) = preSolution
		HideSolutionNode = FALSE
	EndGlobalSection
	GlobalSection(NestedProjects) = preSolution
		{A50915EA-E1EF-4A15-9046-08976A383F75} = {55846E57-1E14-48E2-9789-26FB3176F5CE}
	EndGlobalSection
EndGlobal
